
Microsoft Visual Studio Solution File, Format Version 12.00
# Visual Studio Version 17
VisualStudioVersion = 17.3.32811.315
MinimumVisualStudioVersion = 10.0.40219.1
Project("{FAE04EC0-301F-11D3-BF4B-00C04F79EFBC}") = "AttendanceUserManagementSystem.API", "AttendanceUserManagementSystem.API\AttendanceUserManagementSystem.API.csproj", "{EF5BECC7-FDA3-4A2F-82DA-EF5C2CAB6D4A}"
EndProject
Global
	GlobalSection(SolutionConfigurationPlatforms) = preSolution
		Debug|Any CPU = Debug|Any CPU
		Release|Any CPU = Release|Any CPU
	EndGlobalSection
	GlobalSection(ProjectConfigurationPlatforms) = postSolution
		{EF5BECC7-FDA3-4A2F-82DA-EF5C2CAB6D4A}.Debug|Any CPU.ActiveCfg = Debug|Any CPU
		{EF5BECC7-FDA3-4A2F-82DA-EF5C2CAB6D4A}.Debug|Any CPU.Build.0 = Debug|Any CPU
		{EF5BECC7-FDA3-4A2F-82DA-EF5C2CAB6D4A}.Release|Any CPU.ActiveCfg = Release|Any CPU
		{EF5BECC7-FDA3-4A2F-82DA-EF5C2CAB6D4A}.Release|Any CPU.Build.0 = Release|Any CPU
	EndGlobalSection
	GlobalSection(SolutionProperties) = preSolution
		HideSolutionNode = FALSE
	EndGlobalSection
	GlobalSection(ExtensibilityGlobals) = postSolution
		SolutionGuid = {27F26BC2-C3EA-40F6-8352-27A3ECA477D6}
	EndGlobalSection
EndGlobal
